
Microsoft Visual Studio Solution File, Format Version 12.00
# Visual Studio Version 17
VisualStudioVersion = 17.3.32825.248
MinimumVisualStudioVersion = 10.0.40219.1
Project("{9A19103F-16F7-4668-BE54-9A1E7A4F7556}") = "4-1", "4-1\4-1.csproj", "{973BB551-AFC0-425F-B8C2-B36B9FB5AD67}"
EndProject
Project("{9A19103F-16F7-4668-BE54-9A1E7A4F7556}") = "4-2", "4-2\4-2.csproj", "{0A4D472C-E411-4E90-A4CA-6342FA935EAA}"
EndProject
Project("{9A19103F-16F7-4668-BE54-9A1E7A4F7556}") = "4-3", "4-3\4-3.csproj", "{40F086FA-1239-463B-9245-A3186DF25A41}"
EndProject
Project("{9A19103F-16F7-4668-BE54-9A1E7A4F7556}") = "readonly", "readonly\readonly.csproj", "{53D3A1D6-0555-4200-A098-CCF47A1B1CAE}"
EndProject
Project("{9A19103F-16F7-4668-BE54-9A1E7A4F7556}") = "4-4", "4-4\4-4.csproj", "{16DE528E-7BE2-4A11-8787-E6381A65CAAA}"
EndProject
Project("{9A19103F-16F7-4668-BE54-9A1E7A4F7556}") = "4-5", "4-5\4-5.csproj", "{ACC6CABD-952D-4DD1-A612-B09633A47EF2}"
EndProject
Project("{9A19103F-16F7-4668-BE54-9A1E7A4F7556}") = "4-6", "4-6\4-6.csproj", "{0530ADE1-370F-419A-9E43-E73993FBF642}"
EndProject
Project("{FAE04EC0-301F-11D3-BF4B-00C04F79EFBC}") = "4-7", "4-7\4-7.csproj", "{1AF9C6D6-DD27-45A2-AF01-A35AEB05508F}"
EndProject
Project("{FAE04EC0-301F-11D3-BF4B-00C04F79EFBC}") = "4-8", "4-8\4-8.csproj", "{5947292E-000D-4F80-836C-64E6BBE40E25}"
EndProject
Project("{FAE04EC0-301F-11D3-BF4B-00C04F79EFBC}") = "4-9", "4-9\4-9.csproj", "{50B3AD12-B54C-45DD-A3BE-F88500DBE7DC}"
EndProject
Project("{FAE04EC0-301F-11D3-BF4B-00C04F79EFBC}") = "4-10", "4-10\4-10.csproj", "{1DF99E8E-EC5A-4FDB-ABBC-C086F49A252D}"
EndProject
Project("{FAE04EC0-301F-11D3-BF4B-00C04F79EFBC}") = "4-11", "4-11\4-11.csproj", "{107C282F-9016-49E2-BC77-AD6D103E89E7}"
EndProject
Project("{FAE04EC0-301F-11D3-BF4B-00C04F79EFBC}") = "4-12", "4-12\4-12.csproj", "{6BEE9048-8161-4712-A326-8ED876D89B6D}"
EndProject
Project("{FAE04EC0-301F-11D3-BF4B-00C04F79EFBC}") = "4-13", "4-13\4-13.csproj", "{27719B23-7F3D-4D68-A00D-0669303C8B3C}"
EndProject
Global
	GlobalSection(SolutionConfigurationPlatforms) = preSolution
		Debug|Any CPU = Debug|Any CPU
		Release|Any CPU = Release|Any CPU
	EndGlobalSection
	GlobalSection(ProjectConfigurationPlatforms) = postSolution
		{973BB551-AFC0-425F-B8C2-B36B9FB5AD67}.Debug|Any CPU.ActiveCfg = Debug|Any CPU
		{973BB551-AFC0-425F-B8C2-B36B9FB5AD67}.Debug|Any CPU.Build.0 = Debug|Any CPU
		{973BB551-AFC0-425F-B8C2-B36B9FB5AD67}.Release|Any CPU.ActiveCfg = Release|Any CPU
		{973BB551-AFC0-425F-B8C2-B36B9FB5AD67}.Release|Any CPU.Build.0 = Release|Any CPU
		{0A4D472C-E411-4E90-A4CA-6342FA935EAA}.Debug|Any CPU.ActiveCfg = Debug|Any CPU
		{0A4D472C-E411-4E90-A4CA-6342FA935EAA}.Debug|Any CPU.Build.0 = Debug|Any CPU
		{0A4D472C-E411-4E90-A4CA-6342FA935EAA}.Release|Any CPU.ActiveCfg = Release|Any CPU
		{0A4D472C-E411-4E90-A4CA-6342FA935EAA}.Release|Any CPU.Build.0 = Release|Any CPU
		{40F086FA-1239-463B-9245-A3186DF25A41}.Debug|Any CPU.ActiveCfg = Debug|Any CPU
		{40F086FA-1239-463B-9245-A3186DF25A41}.Debug|Any CPU.Build.0 = Debug|Any CPU
		{40F086FA-1239-463B-9245-A3186DF25A41}.Release|Any CPU.ActiveCfg = Release|Any CPU
		{40F086FA-1239-463B-9245-A3186DF25A41}.Release|Any CPU.Build.0 = Release|Any CPU
		{53D3A1D6-0555-4200-A098-CCF47A1B1CAE}.Debug|Any CPU.ActiveCfg = Debug|Any CPU
		{53D3A1D6-0555-4200-A098-CCF47A1B1CAE}.Debug|Any CPU.Build.0 = Debug|Any CPU
		{53D3A1D6-0555-4200-A098-CCF47A1B1CAE}.Release|Any CPU.ActiveCfg = Release|Any CPU
		{53D3A1D6-0555-4200-A098-CCF47A1B1CAE}.Release|Any CPU.Build.0 = Release|Any CPU
		{16DE528E-7BE2-4A11-8787-E6381A65CAAA}.Debug|Any CPU.ActiveCfg = Debug|Any CPU
		{16DE528E-7BE2-4A11-8787-E6381A65CAAA}.Debug|Any CPU.Build.0 = Debug|Any CPU
		{16DE528E-7BE2-4A11-8787-E6381A65CAAA}.Release|Any CPU.ActiveCfg = Release|Any CPU
		{16DE528E-7BE2-4A11-8787-E6381A65CAAA}.Release|Any CPU.Build.0 = Release|Any CPU
		{ACC6CABD-952D-4DD1-A612-B09633A47EF2}.Debug|Any CPU.ActiveCfg = Debug|Any CPU
		{ACC6CABD-952D-4DD1-A612-B09633A47EF2}.Debug|Any CPU.Build.0 = Debug|Any CPU
		{ACC6CABD-952D-4DD1-A612-B09633A47EF2}.Release|Any CPU.ActiveCfg = Release|Any CPU
		{ACC6CABD-952D-4DD1-A612-B09633A47EF2}.Release|Any CPU.Build.0 = Release|Any CPU
		{0530ADE1-370F-419A-9E43-E73993FBF642}.Debug|Any CPU.ActiveCfg = Debug|Any CPU
		{0530ADE1-370F-419A-9E43-E73993FBF642}.Debug|Any CPU.Build.0 = Debug|Any CPU
		{0530ADE1-370F-419A-9E43-E73993FBF642}.Release|Any CPU.ActiveCfg = Release|Any CPU
		{0530ADE1-370F-419A-9E43-E73993FBF642}.Release|Any CPU.Build.0 = Release|Any CPU
		{1AF9C6D6-DD27-45A2-AF01-A35AEB05508F}.Debug|Any CPU.ActiveCfg = Debug|Any CPU
		{1AF9C6D6-DD27-45A2-AF01-A35AEB05508F}.Debug|Any CPU.Build.0 = Debug|Any CPU
		{1AF9C6D6-DD27-45A2-AF01-A35AEB05508F}.Release|Any CPU.ActiveCfg = Release|Any CPU
		{1AF9C6D6-DD27-45A2-AF01-A35AEB05508F}.Release|Any CPU.Build.0 = Release|Any CPU
		{5947292E-000D-4F80-836C-64E6BBE40E25}.Debug|Any CPU.ActiveCfg = Debug|Any CPU
		{5947292E-000D-4F80-836C-64E6BBE40E25}.Debug|Any CPU.Build.0 = Debug|Any CPU
		{5947292E-000D-4F80-836C-64E6BBE40E25}.Release|Any CPU.ActiveCfg = Release|Any CPU
		{5947292E-000D-4F80-836C-64E6BBE40E25}.Release|Any CPU.Build.0 = Release|Any CPU
		{50B3AD12-B54C-45DD-A3BE-F88500DBE7DC}.Debug|Any CPU.ActiveCfg = Debug|Any CPU
		{50B3AD12-B54C-45DD-A3BE-F88500DBE7DC}.Debug|Any CPU.Build.0 = Debug|Any CPU
		{50B3AD12-B54C-45DD-A3BE-F88500DBE7DC}.Release|Any CPU.ActiveCfg = Release|Any CPU
		{50B3AD12-B54C-45DD-A3BE-F88500DBE7DC}.Release|Any CPU.Build.0 = Release|Any CPU
		{1DF99E8E-EC5A-4FDB-ABBC-C086F49A252D}.Debug|Any CPU.ActiveCfg = Debug|Any CPU
		{1DF99E8E-EC5A-4FDB-ABBC-C086F49A252D}.Debug|Any CPU.Build.0 = Debug|Any CPU
		{1DF99E8E-EC5A-4FDB-ABBC-C086F49A252D}.Release|Any CPU.ActiveCfg = Release|Any CPU
		{1DF99E8E-EC5A-4FDB-ABBC-C086F49A252D}.Release|Any CPU.Build.0 = Release|Any CPU
		{107C282F-9016-49E2-BC77-AD6D103E89E7}.Debug|Any CPU.ActiveCfg = Debug|Any CPU
		{107C282F-9016-49E2-BC77-AD6D103E89E7}.Debug|Any CPU.Build.0 = Debug|Any CPU
		{107C282F-9016-49E2-BC77-AD6D103E89E7}.Release|Any CPU.ActiveCfg = Release|Any CPU
		{107C282F-9016-49E2-BC77-AD6D103E89E7}.Release|Any CPU.Build.0 = Release|Any CPU
		{6BEE9048-8161-4712-A326-8ED876D89B6D}.Debug|Any CPU.ActiveCfg = Debug|Any CPU
		{6BEE9048-8161-4712-A326-8ED876D89B6D}.Debug|Any CPU.Build.0 = Debug|Any CPU
		{6BEE9048-8161-4712-A326-8ED876D89B6D}.Release|Any CPU.ActiveCfg = Release|Any CPU
		{6BEE9048-8161-4712-A326-8ED876D89B6D}.Release|Any CPU.Build.0 = Release|Any CPU
		{27719B23-7F3D-4D68-A00D-0669303C8B3C}.Debug|Any CPU.ActiveCfg = Debug|Any CPU
		{27719B23-7F3D-4D68-A00D-0669303C8B3C}.Debug|Any CPU.Build.0 = Debug|Any CPU
		{27719B23-7F3D-4D68-A00D-0669303C8B3C}.Release|Any CPU.ActiveCfg = Release|Any CPU
		{27719B23-7F3D-4D68-A00D-0669303C8B3C}.Release|Any CPU.Build.0 = Release|Any CPU
	EndGlobalSection
	GlobalSection(SolutionProperties) = preSolution
		HideSolutionNode = FALSE
	EndGlobalSection
	GlobalSection(ExtensibilityGlobals) = postSolution
		SolutionGuid = {0161E64A-846D-48C9-8DEC-C727C8E55C59}
	EndGlobalSection
EndGlobal
